{
  "name": "dcjs-util",
  "version": "0.3.7",
  "lockfileVersion": 3,
  "requires": true,
  "packages": {
    "": {
      "name": "dcjs-util",
      "version": "0.3.7",
      "license": "ISC",
      "dependencies": {
        "dcjs-util": "^0.3.7"
      }
    },
    "node_modules/dcjs-util": {
      "version": "0.3.7",
      "resolved": "https://registry.npmjs.org/dcjs-util/-/dcjs-util-0.3.7.tgz",
      "integrity": "sha512-zrDB1AEWTyk2MBSo5jjElj4lXleIHSgDdPzplrks8mCRrkuoxnNFshOLo/HqilRkA3agSufrL2C2EXJM7ExTvQ=="
    }
  }
}
